
Microsoft Visual Studio Solution File, Format Version 12.00
# Visual Studio Version 17
VisualStudioVersion = 17.4.33213.308
MinimumVisualStudioVersion = 10.0.40219.1
Project("{9A19103F-16F7-4668-BE54-9A1E7A4F7556}") = "Push", "Push_3.0_App\Push.csproj", "{9D90A3E7-1F31-4071-8E1F-8342F8722E8A}"
EndProject
Project("{9A19103F-16F7-4668-BE54-9A1E7A4F7556}") = "MDTlib", "MDTlib\MDTlib.csproj", "{882B18EF-0C0A-4C25-9B7B-77257914D230}"
EndProject
Project("{9A19103F-16F7-4668-BE54-9A1E7A4F7556}") = "MDTlibTests", "MDTlibTests\MDTlibTests.csproj", "{84939192-F8D9-484E-8380-887EF69BC337}"
EndProject
Project("{2150E333-8FDC-42A3-9474-1A3956D46DE8}") = "Solution Items", "Solution Items", "{825667F3-7145-4CB9-A222-C5A331ED8D26}"
	ProjectSection(SolutionItems) = preProject
		.editorconfig = .editorconfig
	EndProjectSection
EndProject
Project("{9A19103F-16F7-4668-BE54-9A1E7A4F7556}") = "ScanHostLib", "ScanHostLib\ScanHostLib.csproj", "{C719B337-7AD6-40FC-B2A0-01A03ABE7B00}"
EndProject
Project("{9A19103F-16F7-4668-BE54-9A1E7A4F7556}") = "ScanHostLibTests", "ScanHostLibTests\ScanHostLibTests.csproj", "{E65768D7-4332-48AE-BE83-2E6261798198}"
EndProject
Project("{9A19103F-16F7-4668-BE54-9A1E7A4F7556}") = "CsCredential", "CsCredential\CsCredential.csproj", "{ADD5159B-85F7-4259-8EFF-C390F795D22F}"
EndProject
Project("{9A19103F-16F7-4668-BE54-9A1E7A4F7556}") = "RunTSLib", "RunTSLib\RunTSLib.csproj", "{52279627-17CA-4B5A-828E-A47D0CF9778F}"
EndProject
Project("{9A19103F-16F7-4668-BE54-9A1E7A4F7556}") = "FixesAndScriptsLib", "FixesAndScriptsLib\FixesAndScriptsLib.csproj", "{4B8579D2-9EDC-4202-BFEF-DF511123C38C}"
EndProject
Project("{9A19103F-16F7-4668-BE54-9A1E7A4F7556}") = "FixesAndScriptsLibTests", "FixesAndScriptsLibTests\FixesAndScriptsLibTests.csproj", "{214EED32-EF6E-4F26-8C65-FE972E3B5957}"
EndProject
Project("{9A19103F-16F7-4668-BE54-9A1E7A4F7556}") = "ADHelperLib", "ADHelperLib\ADHelperLib.csproj", "{0ACB5518-FFB5-4574-BF3D-176D29B72FCC}"
EndProject
Project("{9A19103F-16F7-4668-BE54-9A1E7A4F7556}") = "ADHelperLibTests", "ADHelperLibTests\ADHelperLibTests.csproj", "{9CCEF189-E886-4973-99CE-E89E79328D58}"
EndProject
Project("{9A19103F-16F7-4668-BE54-9A1E7A4F7556}") = "NotifyEmailLib", "NotifyEmailLib\NotifyEmailLib.csproj", "{E8D0F65C-FB06-4AA7-B3A2-8B71C548AC50}"
EndProject
Project("{9A19103F-16F7-4668-BE54-9A1E7A4F7556}") = "PushSettingsLib", "PushSettingsLib\PushSettingsLib.csproj", "{92E0736B-A3F0-4270-85FA-EE9C50DDC7AB}"
EndProject
Project("{54435603-DBB4-11D2-8724-00A0C9A8B90C}") = "Push_Setup", "Push_Setup\Push_Setup.vdproj", "{5CFB2143-FF45-4101-B8DA-F9FC8186364E}"
EndProject
Project("{9A19103F-16F7-4668-BE54-9A1E7A4F7556}") = "PushSettingsLibTests", "PushSettingsTests\PushSettingsLibTests.csproj", "{2A879E95-50A8-443A-916C-93712F44B238}"
EndProject
Global
	GlobalSection(SolutionConfigurationPlatforms) = preSolution
		Debug|Any CPU = Debug|Any CPU
		Debug|x64 = Debug|x64
		Debug|x86 = Debug|x86
		Release|Any CPU = Release|Any CPU
		Release|x64 = Release|x64
		Release|x86 = Release|x86
	EndGlobalSection
	GlobalSection(ProjectConfigurationPlatforms) = postSolution
		{9D90A3E7-1F31-4071-8E1F-8342F8722E8A}.Debug|Any CPU.ActiveCfg = Debug|Any CPU
		{9D90A3E7-1F31-4071-8E1F-8342F8722E8A}.Debug|Any CPU.Build.0 = Debug|Any CPU
		{9D90A3E7-1F31-4071-8E1F-8342F8722E8A}.Debug|x64.ActiveCfg = Debug|x64
		{9D90A3E7-1F31-4071-8E1F-8342F8722E8A}.Debug|x64.Build.0 = Debug|x64
		{9D90A3E7-1F31-4071-8E1F-8342F8722E8A}.Debug|x86.ActiveCfg = Debug|x86
		{9D90A3E7-1F31-4071-8E1F-8342F8722E8A}.Debug|x86.Build.0 = Debug|x86
		{9D90A3E7-1F31-4071-8E1F-8342F8722E8A}.Release|Any CPU.ActiveCfg = Release|Any CPU
		{9D90A3E7-1F31-4071-8E1F-8342F8722E8A}.Release|Any CPU.Build.0 = Release|Any CPU
		{9D90A3E7-1F31-4071-8E1F-8342F8722E8A}.Release|x64.ActiveCfg = Release|x64
		{9D90A3E7-1F31-4071-8E1F-8342F8722E8A}.Release|x64.Build.0 = Release|x64
		{9D90A3E7-1F31-4071-8E1F-8342F8722E8A}.Release|x86.ActiveCfg = Release|x86
		{9D90A3E7-1F31-4071-8E1F-8342F8722E8A}.Release|x86.Build.0 = Release|x86
		{882B18EF-0C0A-4C25-9B7B-77257914D230}.Debug|Any CPU.ActiveCfg = Debug|Any CPU
		{882B18EF-0C0A-4C25-9B7B-77257914D230}.Debug|Any CPU.Build.0 = Debug|Any CPU
		{882B18EF-0C0A-4C25-9B7B-77257914D230}.Debug|x64.ActiveCfg = Debug|x64
		{882B18EF-0C0A-4C25-9B7B-77257914D230}.Debug|x64.Build.0 = Debug|x64
		{882B18EF-0C0A-4C25-9B7B-77257914D230}.Debug|x86.ActiveCfg = Debug|x86
		{882B18EF-0C0A-4C25-9B7B-77257914D230}.Debug|x86.Build.0 = Debug|x86
		{882B18EF-0C0A-4C25-9B7B-77257914D230}.Release|Any CPU.ActiveCfg = Release|Any CPU
		{882B18EF-0C0A-4C25-9B7B-77257914D230}.Release|Any CPU.Build.0 = Release|Any CPU
		{882B18EF-0C0A-4C25-9B7B-77257914D230}.Release|x64.ActiveCfg = Release|x64
		{882B18EF-0C0A-4C25-9B7B-77257914D230}.Release|x64.Build.0 = Release|x64
		{882B18EF-0C0A-4C25-9B7B-77257914D230}.Release|x86.ActiveCfg = Release|x86
		{882B18EF-0C0A-4C25-9B7B-77257914D230}.Release|x86.Build.0 = Release|x86
		{84939192-F8D9-484E-8380-887EF69BC337}.Debug|Any CPU.ActiveCfg = Debug|Any CPU
		{84939192-F8D9-484E-8380-887EF69BC337}.Debug|Any CPU.Build.0 = Debug|Any CPU
		{84939192-F8D9-484E-8380-887EF69BC337}.Debug|x64.ActiveCfg = Debug|x64
		{84939192-F8D9-484E-8380-887EF69BC337}.Debug|x64.Build.0 = Debug|x64
		{84939192-F8D9-484E-8380-887EF69BC337}.Debug|x86.ActiveCfg = Debug|x86
		{84939192-F8D9-484E-8380-887EF69BC337}.Debug|x86.Build.0 = Debug|x86
		{84939192-F8D9-484E-8380-887EF69BC337}.Release|Any CPU.ActiveCfg = Release|Any CPU
		{84939192-F8D9-484E-8380-887EF69BC337}.Release|Any CPU.Build.0 = Release|Any CPU
		{84939192-F8D9-484E-8380-887EF69BC337}.Release|x64.ActiveCfg = Release|x64
		{84939192-F8D9-484E-8380-887EF69BC337}.Release|x64.Build.0 = Release|x64
		{84939192-F8D9-484E-8380-887EF69BC337}.Release|x86.ActiveCfg = Release|x86
		{84939192-F8D9-484E-8380-887EF69BC337}.Release|x86.Build.0 = Release|x86
		{C719B337-7AD6-40FC-B2A0-01A03ABE7B00}.Debug|Any CPU.ActiveCfg = Debug|Any CPU
		{C719B337-7AD6-40FC-B2A0-01A03ABE7B00}.Debug|Any CPU.Build.0 = Debug|Any CPU
		{C719B337-7AD6-40FC-B2A0-01A03ABE7B00}.Debug|x64.ActiveCfg = Debug|x64
		{C719B337-7AD6-40FC-B2A0-01A03ABE7B00}.Debug|x64.Build.0 = Debug|x64
		{C719B337-7AD6-40FC-B2A0-01A03ABE7B00}.Debug|x86.ActiveCfg = Debug|x86
		{C719B337-7AD6-40FC-B2A0-01A03ABE7B00}.Debug|x86.Build.0 = Debug|x86
		{C719B337-7AD6-40FC-B2A0-01A03ABE7B00}.Release|Any CPU.ActiveCfg = Release|Any CPU
		{C719B337-7AD6-40FC-B2A0-01A03ABE7B00}.Release|Any CPU.Build.0 = Release|Any CPU
		{C719B337-7AD6-40FC-B2A0-01A03ABE7B00}.Release|x64.ActiveCfg = Release|x64
		{C719B337-7AD6-40FC-B2A0-01A03ABE7B00}.Release|x64.Build.0 = Release|x64
		{C719B337-7AD6-40FC-B2A0-01A03ABE7B00}.Release|x86.ActiveCfg = Release|x86
		{C719B337-7AD6-40FC-B2A0-01A03ABE7B00}.Release|x86.Build.0 = Release|x86
		{E65768D7-4332-48AE-BE83-2E6261798198}.Debug|Any CPU.ActiveCfg = Debug|Any CPU
		{E65768D7-4332-48AE-BE83-2E6261798198}.Debug|Any CPU.Build.0 = Debug|Any CPU
		{E65768D7-4332-48AE-BE83-2E6261798198}.Debug|x64.ActiveCfg = Debug|x64
		{E65768D7-4332-48AE-BE83-2E6261798198}.Debug|x64.Build.0 = Debug|x64
		{E65768D7-4332-48AE-BE83-2E6261798198}.Debug|x86.ActiveCfg = Debug|x86
		{E65768D7-4332-48AE-BE83-2E6261798198}.Debug|x86.Build.0 = Debug|x86
		{E65768D7-4332-48AE-BE83-2E6261798198}.Release|Any CPU.ActiveCfg = Release|Any CPU
		{E65768D7-4332-48AE-BE83-2E6261798198}.Release|Any CPU.Build.0 = Release|Any CPU
		{E65768D7-4332-48AE-BE83-2E6261798198}.Release|x64.ActiveCfg = Release|x64
		{E65768D7-4332-48AE-BE83-2E6261798198}.Release|x64.Build.0 = Release|x64
		{E65768D7-4332-48AE-BE83-2E6261798198}.Release|x86.ActiveCfg = Release|x86
		{E65768D7-4332-48AE-BE83-2E6261798198}.Release|x86.Build.0 = Release|x86
		{ADD5159B-85F7-4259-8EFF-C390F795D22F}.Debug|Any CPU.ActiveCfg = Debug|Any CPU
		{ADD5159B-85F7-4259-8EFF-C390F795D22F}.Debug|Any CPU.Build.0 = Debug|Any CPU
		{ADD5159B-85F7-4259-8EFF-C390F795D22F}.Debug|x64.ActiveCfg = Debug|x64
		{ADD5159B-85F7-4259-8EFF-C390F795D22F}.Debug|x64.Build.0 = Debug|x64
		{ADD5159B-85F7-4259-8EFF-C390F795D22F}.Debug|x86.ActiveCfg = Debug|x86
		{ADD5159B-85F7-4259-8EFF-C390F795D22F}.Debug|x86.Build.0 = Debug|x86
		{ADD5159B-85F7-4259-8EFF-C390F795D22F}.Release|Any CPU.ActiveCfg = Release|Any CPU
		{ADD5159B-85F7-4259-8EFF-C390F795D22F}.Release|Any CPU.Build.0 = Release|Any CPU
		{ADD5159B-85F7-4259-8EFF-C390F795D22F}.Release|x64.ActiveCfg = Release|x64
		{ADD5159B-85F7-4259-8EFF-C390F795D22F}.Release|x64.Build.0 = Release|x64
		{ADD5159B-85F7-4259-8EFF-C390F795D22F}.Release|x86.ActiveCfg = Release|x86
		{ADD5159B-85F7-4259-8EFF-C390F795D22F}.Release|x86.Build.0 = Release|x86
		{52279627-17CA-4B5A-828E-A47D0CF9778F}.Debug|Any CPU.ActiveCfg = Debug|Any CPU
		{52279627-17CA-4B5A-828E-A47D0CF9778F}.Debug|Any CPU.Build.0 = Debug|Any CPU
		{52279627-17CA-4B5A-828E-A47D0CF9778F}.Debug|x64.ActiveCfg = Debug|x64
		{52279627-17CA-4B5A-828E-A47D0CF9778F}.Debug|x64.Build.0 = Debug|x64
		{52279627-17CA-4B5A-828E-A47D0CF9778F}.Debug|x86.ActiveCfg = Debug|x86
		{52279627-17CA-4B5A-828E-A47D0CF9778F}.Debug|x86.Build.0 = Debug|x86
		{52279627-17CA-4B5A-828E-A47D0CF9778F}.Release|Any CPU.ActiveCfg = Release|Any CPU
		{52279627-17CA-4B5A-828E-A47D0CF9778F}.Release|Any CPU.Build.0 = Release|Any CPU
		{52279627-17CA-4B5A-828E-A47D0CF9778F}.Release|x64.ActiveCfg = Release|x64
		{52279627-17CA-4B5A-828E-A47D0CF9778F}.Release|x64.Build.0 = Release|x64
		{52279627-17CA-4B5A-828E-A47D0CF9778F}.Release|x86.ActiveCfg = Release|x86
		{52279627-17CA-4B5A-828E-A47D0CF9778F}.Release|x86.Build.0 = Release|x86
		{4B8579D2-9EDC-4202-BFEF-DF511123C38C}.Debug|Any CPU.ActiveCfg = Debug|Any CPU
		{4B8579D2-9EDC-4202-BFEF-DF511123C38C}.Debug|Any CPU.Build.0 = Debug|Any CPU
		{4B8579D2-9EDC-4202-BFEF-DF511123C38C}.Debug|x64.ActiveCfg = Debug|x64
		{4B8579D2-9EDC-4202-BFEF-DF511123C38C}.Debug|x64.Build.0 = Debug|x64
		{4B8579D2-9EDC-4202-BFEF-DF511123C38C}.Debug|x86.ActiveCfg = Debug|x86
		{4B8579D2-9EDC-4202-BFEF-DF511123C38C}.Debug|x86.Build.0 = Debug|x86
		{4B8579D2-9EDC-4202-BFEF-DF511123C38C}.Release|Any CPU.ActiveCfg = Release|Any CPU
		{4B8579D2-9EDC-4202-BFEF-DF511123C38C}.Release|Any CPU.Build.0 = Release|Any CPU
		{4B8579D2-9EDC-4202-BFEF-DF511123C38C}.Release|x64.ActiveCfg = Release|x64
		{4B8579D2-9EDC-4202-BFEF-DF511123C38C}.Release|x64.Build.0 = Release|x64
		{4B8579D2-9EDC-4202-BFEF-DF511123C38C}.Release|x86.ActiveCfg = Release|x86
		{4B8579D2-9EDC-4202-BFEF-DF511123C38C}.Release|x86.Build.0 = Release|x86
		{214EED32-EF6E-4F26-8C65-FE972E3B5957}.Debug|Any CPU.ActiveCfg = Debug|Any CPU
		{214EED32-EF6E-4F26-8C65-FE972E3B5957}.Debug|Any CPU.Build.0 = Debug|Any CPU
		{214EED32-EF6E-4F26-8C65-FE972E3B5957}.Debug|x64.ActiveCfg = Debug|x64
		{214EED32-EF6E-4F26-8C65-FE972E3B5957}.Debug|x64.Build.0 = Debug|x64
		{214EED32-EF6E-4F26-8C65-FE972E3B5957}.Debug|x86.ActiveCfg = Debug|x86
		{214EED32-EF6E-4F26-8C65-FE972E3B5957}.Debug|x86.Build.0 = Debug|x86
		{214EED32-EF6E-4F26-8C65-FE972E3B5957}.Release|Any CPU.ActiveCfg = Release|Any CPU
		{214EED32-EF6E-4F26-8C65-FE972E3B5957}.Release|Any CPU.Build.0 = Release|Any CPU
		{214EED32-EF6E-4F26-8C65-FE972E3B5957}.Release|x64.ActiveCfg = Release|x64
		{214EED32-EF6E-4F26-8C65-FE972E3B5957}.Release|x64.Build.0 = Release|x64
		{214EED32-EF6E-4F26-8C65-FE972E3B5957}.Release|x86.ActiveCfg = Release|x86
		{214EED32-EF6E-4F26-8C65-FE972E3B5957}.Release|x86.Build.0 = Release|x86
		{0ACB5518-FFB5-4574-BF3D-176D29B72FCC}.Debug|Any CPU.ActiveCfg = Debug|Any CPU
		{0ACB5518-FFB5-4574-BF3D-176D29B72FCC}.Debug|Any CPU.Build.0 = Debug|Any CPU
		{0ACB5518-FFB5-4574-BF3D-176D29B72FCC}.Debug|x64.ActiveCfg = Debug|x64
		{0ACB5518-FFB5-4574-BF3D-176D29B72FCC}.Debug|x64.Build.0 = Debug|x64
		{0ACB5518-FFB5-4574-BF3D-176D29B72FCC}.Debug|x86.ActiveCfg = Debug|x86
		{0ACB5518-FFB5-4574-BF3D-176D29B72FCC}.Debug|x86.Build.0 = Debug|x86
		{0ACB5518-FFB5-4574-BF3D-176D29B72FCC}.Release|Any CPU.ActiveCfg = Release|Any CPU
		{0ACB5518-FFB5-4574-BF3D-176D29B72FCC}.Release|Any CPU.Build.0 = Release|Any CPU
		{0ACB5518-FFB5-4574-BF3D-176D29B72FCC}.Release|x64.ActiveCfg = Release|x64
		{0ACB5518-FFB5-4574-BF3D-176D29B72FCC}.Release|x64.Build.0 = Release|x64
		{0ACB5518-FFB5-4574-BF3D-176D29B72FCC}.Release|x86.ActiveCfg = Release|x86
		{0ACB5518-FFB5-4574-BF3D-176D29B72FCC}.Release|x86.Build.0 = Release|x86
		{9CCEF189-E886-4973-99CE-E89E79328D58}.Debug|Any CPU.ActiveCfg = Debug|Any CPU
		{9CCEF189-E886-4973-99CE-E89E79328D58}.Debug|Any CPU.Build.0 = Debug|Any CPU
		{9CCEF189-E886-4973-99CE-E89E79328D58}.Debug|x64.ActiveCfg = Debug|x64
		{9CCEF189-E886-4973-99CE-E89E79328D58}.Debug|x64.Build.0 = Debug|x64
		{9CCEF189-E886-4973-99CE-E89E79328D58}.Debug|x86.ActiveCfg = Debug|x86
		{9CCEF189-E886-4973-99CE-E89E79328D58}.Debug|x86.Build.0 = Debug|x86
		{9CCEF189-E886-4973-99CE-E89E79328D58}.Release|Any CPU.ActiveCfg = Release|Any CPU
		{9CCEF189-E886-4973-99CE-E89E79328D58}.Release|Any CPU.Build.0 = Release|Any CPU
		{9CCEF189-E886-4973-99CE-E89E79328D58}.Release|x64.ActiveCfg = Release|x64
		{9CCEF189-E886-4973-99CE-E89E79328D58}.Release|x64.Build.0 = Release|x64
		{9CCEF189-E886-4973-99CE-E89E79328D58}.Release|x86.ActiveCfg = Release|x86
		{9CCEF189-E886-4973-99CE-E89E79328D58}.Release|x86.Build.0 = Release|x86
		{E8D0F65C-FB06-4AA7-B3A2-8B71C548AC50}.Debug|Any CPU.ActiveCfg = Debug|Any CPU
		{E8D0F65C-FB06-4AA7-B3A2-8B71C548AC50}.Debug|Any CPU.Build.0 = Debug|Any CPU
		{E8D0F65C-FB06-4AA7-B3A2-8B71C548AC50}.Debug|x64.ActiveCfg = Debug|x64
		{E8D0F65C-FB06-4AA7-B3A2-8B71C548AC50}.Debug|x64.Build.0 = Debug|x64
		{E8D0F65C-FB06-4AA7-B3A2-8B71C548AC50}.Debug|x86.ActiveCfg = Debug|x86
		{E8D0F65C-FB06-4AA7-B3A2-8B71C548AC50}.Debug|x86.Build.0 = Debug|x86
		{E8D0F65C-FB06-4AA7-B3A2-8B71C548AC50}.Release|Any CPU.ActiveCfg = Release|Any CPU
		{E8D0F65C-FB06-4AA7-B3A2-8B71C548AC50}.Release|Any CPU.Build.0 = Release|Any CPU
		{E8D0F65C-FB06-4AA7-B3A2-8B71C548AC50}.Release|x64.ActiveCfg = Release|x64
		{E8D0F65C-FB06-4AA7-B3A2-8B71C548AC50}.Release|x64.Build.0 = Release|x64
		{E8D0F65C-FB06-4AA7-B3A2-8B71C548AC50}.Release|x86.ActiveCfg = Release|x86
		{E8D0F65C-FB06-4AA7-B3A2-8B71C548AC50}.Release|x86.Build.0 = Release|x86
		{92E0736B-A3F0-4270-85FA-EE9C50DDC7AB}.Debug|Any CPU.ActiveCfg = Debug|Any CPU
		{92E0736B-A3F0-4270-85FA-EE9C50DDC7AB}.Debug|Any CPU.Build.0 = Debug|Any CPU
		{92E0736B-A3F0-4270-85FA-EE9C50DDC7AB}.Debug|x64.ActiveCfg = Debug|Any CPU
		{92E0736B-A3F0-4270-85FA-EE9C50DDC7AB}.Debug|x64.Build.0 = Debug|Any CPU
		{92E0736B-A3F0-4270-85FA-EE9C50DDC7AB}.Debug|x86.ActiveCfg = Debug|Any CPU
		{92E0736B-A3F0-4270-85FA-EE9C50DDC7AB}.Debug|x86.Build.0 = Debug|Any CPU
		{92E0736B-A3F0-4270-85FA-EE9C50DDC7AB}.Release|Any CPU.ActiveCfg = Release|Any CPU
		{92E0736B-A3F0-4270-85FA-EE9C50DDC7AB}.Release|Any CPU.Build.0 = Release|Any CPU
		{92E0736B-A3F0-4270-85FA-EE9C50DDC7AB}.Release|x64.ActiveCfg = Release|Any CPU
		{92E0736B-A3F0-4270-85FA-EE9C50DDC7AB}.Release|x64.Build.0 = Release|Any CPU
		{92E0736B-A3F0-4270-85FA-EE9C50DDC7AB}.Release|x86.ActiveCfg = Release|Any CPU
		{92E0736B-A3F0-4270-85FA-EE9C50DDC7AB}.Release|x86.Build.0 = Release|Any CPU
		{5CFB2143-FF45-4101-B8DA-F9FC8186364E}.Debug|Any CPU.ActiveCfg = Debug
		{5CFB2143-FF45-4101-B8DA-F9FC8186364E}.Debug|x64.ActiveCfg = Debug
		{5CFB2143-FF45-4101-B8DA-F9FC8186364E}.Debug|x86.ActiveCfg = Debug
		{5CFB2143-FF45-4101-B8DA-F9FC8186364E}.Release|Any CPU.ActiveCfg = Release
		{5CFB2143-FF45-4101-B8DA-F9FC8186364E}.Release|x64.ActiveCfg = Release
		{5CFB2143-FF45-4101-B8DA-F9FC8186364E}.Release|x64.Build.0 = Release
		{5CFB2143-FF45-4101-B8DA-F9FC8186364E}.Release|x86.ActiveCfg = Release
		{2A879E95-50A8-443A-916C-93712F44B238}.Debug|Any CPU.ActiveCfg = Debug|Any CPU
		{2A879E95-50A8-443A-916C-93712F44B238}.Debug|Any CPU.Build.0 = Debug|Any CPU
		{2A879E95-50A8-443A-916C-93712F44B238}.Debug|x64.ActiveCfg = Debug|Any CPU
		{2A879E95-50A8-443A-916C-93712F44B238}.Debug|x64.Build.0 = Debug|Any CPU
		{2A879E95-50A8-443A-916C-93712F44B238}.Debug|x86.ActiveCfg = Debug|Any CPU
		{2A879E95-50A8-443A-916C-93712F44B238}.Debug|x86.Build.0 = Debug|Any CPU
		{2A879E95-50A8-443A-916C-93712F44B238}.Release|Any CPU.ActiveCfg = Release|Any CPU
		{2A879E95-50A8-443A-916C-93712F44B238}.Release|Any CPU.Build.0 = Release|Any CPU
		{2A879E95-50A8-443A-916C-93712F44B238}.Release|x64.ActiveCfg = Release|Any CPU
		{2A879E95-50A8-443A-916C-93712F44B238}.Release|x64.Build.0 = Release|Any CPU
		{2A879E95-50A8-443A-916C-93712F44B238}.Release|x86.ActiveCfg = Release|Any CPU
		{2A879E95-50A8-443A-916C-93712F44B238}.Release|x86.Build.0 = Release|Any CPU
	EndGlobalSection
	GlobalSection(SolutionProperties) = preSolution
		HideSolutionNode = FALSE
	EndGlobalSection
	GlobalSection(ExtensibilityGlobals) = postSolution
		SolutionGuid = {77473AC7-BE3D-44F4-84A4-FF39CE4CDFAA}
	EndGlobalSection
EndGlobal
